
Microsoft Visual Studio Solution File, Format Version 12.00
# Visual Studio Version 17
VisualStudioVersion = 17.13.35828.75 d17.13
MinimumVisualStudioVersion = 10.0.40219.1
Project("{FAE04EC0-301F-11D3-BF4B-00C04F79EFBC}") = "UP7", "UP7\UP7.csproj", "{B89D5323-4F92-EE0A-E9EB-A08BC00244DC}"
EndProject
Project("{FAE04EC0-301F-11D3-BF4B-00C04F79EFBC}") = "UP7.Desktop", "UP7.Desktop\UP7.Desktop.csproj", "{F2274973-CDCF-9895-A98F-2F9FC4C84474}"
EndProject
Global
	GlobalSection(SolutionConfigurationPlatforms) = preSolution
		Debug|Any CPU = Debug|Any CPU
		Release|Any CPU = Release|Any CPU
	EndGlobalSection
	GlobalSection(ProjectConfigurationPlatforms) = postSolution
		{B89D5323-4F92-EE0A-E9EB-A08BC00244DC}.Debug|Any CPU.ActiveCfg = Debug|Any CPU
		{B89D5323-4F92-EE0A-E9EB-A08BC00244DC}.Debug|Any CPU.Build.0 = Debug|Any CPU
		{B89D5323-4F92-EE0A-E9EB-A08BC00244DC}.Release|Any CPU.ActiveCfg = Release|Any CPU
		{B89D5323-4F92-EE0A-E9EB-A08BC00244DC}.Release|Any CPU.Build.0 = Release|Any CPU
		{F2274973-CDCF-9895-A98F-2F9FC4C84474}.Debug|Any CPU.ActiveCfg = Debug|Any CPU
		{F2274973-CDCF-9895-A98F-2F9FC4C84474}.Debug|Any CPU.Build.0 = Debug|Any CPU
		{F2274973-CDCF-9895-A98F-2F9FC4C84474}.Release|Any CPU.ActiveCfg = Release|Any CPU
		{F2274973-CDCF-9895-A98F-2F9FC4C84474}.Release|Any CPU.Build.0 = Release|Any CPU
	EndGlobalSection
	GlobalSection(SolutionProperties) = preSolution
		HideSolutionNode = FALSE
	EndGlobalSection
	GlobalSection(ExtensibilityGlobals) = postSolution
		SolutionGuid = {887E5E41-EFC3-418A-8CEC-C3B36DE67BC5}
	EndGlobalSection
EndGlobal
